
Microsoft Visual Studio Solution File, Format Version 12.00
# Visual Studio Version 16
VisualStudioVersion = 16.0.31005.135
MinimumVisualStudioVersion = 10.0.40219.1
Project("{9A19103F-16F7-4668-BE54-9A1E7A4F7556}") = "AutoInject.Core", "AutoInject.Core\AutoInject.Core.csproj", "{36AD98DA-0B3F-4EE1-A6D3-6A22E4BE447A}"
EndProject
Project("{2150E333-8FDC-42A3-9474-1A3956D46DE8}") = "Test", "Test", "{9A118403-C7EB-4F88-821E-00D16C47D339}"
EndProject
Project("{FAE04EC0-301F-11D3-BF4B-00C04F79EFBC}") = "AutoInject.Mvc", "AutoInject.Mvc\AutoInject.Mvc.csproj", "{3D410F72-6175-413C-8A39-1E914378FBF9}"
EndProject
Project("{9A19103F-16F7-4668-BE54-9A1E7A4F7556}") = "WebCore.Api", "WebCore.Api\WebCore.Api.csproj", "{ADB82091-989E-485C-85A2-5FF634218B66}"
EndProject
Project("{FAE04EC0-301F-11D3-BF4B-00C04F79EFBC}") = "WebMvc.Api", "WebMvc.Api\WebMvc.Api.csproj", "{A3C8BB22-FA86-46A6-8B44-892BE6E6CBB6}"
EndProject
Project("{FAE04EC0-301F-11D3-BF4B-00C04F79EFBC}") = "WebMvc.Model", "WebMvc.Model\WebMvc.Model.csproj", "{E0F527E5-5758-427F-BAD5-0AF594DE0F07}"
EndProject
Project("{9A19103F-16F7-4668-BE54-9A1E7A4F7556}") = "WebCore.Model", "WebCore.Model\WebCore.Model.csproj", "{DFA10819-A12A-4C67-B066-937604C78AB7}"
EndProject
Project("{FAE04EC0-301F-11D3-BF4B-00C04F79EFBC}") = "WebMvc.nuget", "WebMvc.nuget\WebMvc.nuget.csproj", "{7AADCFA9-6DD7-4FB7-8980-A239C9E97466}"
EndProject
Project("{FAE04EC0-301F-11D3-BF4B-00C04F79EFBC}") = "WebCore.nuget", "WebCore.nuget\WebCore.nuget.csproj", "{653546DC-5DF8-4907-8A20-0BAF21EB1E69}"
EndProject
Global
	GlobalSection(SolutionConfigurationPlatforms) = preSolution
		Debug|Any CPU = Debug|Any CPU
		Release|Any CPU = Release|Any CPU
	EndGlobalSection
	GlobalSection(ProjectConfigurationPlatforms) = postSolution
		{36AD98DA-0B3F-4EE1-A6D3-6A22E4BE447A}.Debug|Any CPU.ActiveCfg = Debug|Any CPU
		{36AD98DA-0B3F-4EE1-A6D3-6A22E4BE447A}.Debug|Any CPU.Build.0 = Debug|Any CPU
		{36AD98DA-0B3F-4EE1-A6D3-6A22E4BE447A}.Release|Any CPU.ActiveCfg = Release|Any CPU
		{36AD98DA-0B3F-4EE1-A6D3-6A22E4BE447A}.Release|Any CPU.Build.0 = Release|Any CPU
		{3D410F72-6175-413C-8A39-1E914378FBF9}.Debug|Any CPU.ActiveCfg = Debug|Any CPU
		{3D410F72-6175-413C-8A39-1E914378FBF9}.Debug|Any CPU.Build.0 = Debug|Any CPU
		{3D410F72-6175-413C-8A39-1E914378FBF9}.Release|Any CPU.ActiveCfg = Release|Any CPU
		{3D410F72-6175-413C-8A39-1E914378FBF9}.Release|Any CPU.Build.0 = Release|Any CPU
		{ADB82091-989E-485C-85A2-5FF634218B66}.Debug|Any CPU.ActiveCfg = Debug|Any CPU
		{ADB82091-989E-485C-85A2-5FF634218B66}.Debug|Any CPU.Build.0 = Debug|Any CPU
		{ADB82091-989E-485C-85A2-5FF634218B66}.Release|Any CPU.ActiveCfg = Release|Any CPU
		{ADB82091-989E-485C-85A2-5FF634218B66}.Release|Any CPU.Build.0 = Release|Any CPU
		{A3C8BB22-FA86-46A6-8B44-892BE6E6CBB6}.Debug|Any CPU.ActiveCfg = Debug|Any CPU
		{A3C8BB22-FA86-46A6-8B44-892BE6E6CBB6}.Debug|Any CPU.Build.0 = Debug|Any CPU
		{A3C8BB22-FA86-46A6-8B44-892BE6E6CBB6}.Release|Any CPU.ActiveCfg = Release|Any CPU
		{A3C8BB22-FA86-46A6-8B44-892BE6E6CBB6}.Release|Any CPU.Build.0 = Release|Any CPU
		{E0F527E5-5758-427F-BAD5-0AF594DE0F07}.Debug|Any CPU.ActiveCfg = Debug|Any CPU
		{E0F527E5-5758-427F-BAD5-0AF594DE0F07}.Debug|Any CPU.Build.0 = Debug|Any CPU
		{E0F527E5-5758-427F-BAD5-0AF594DE0F07}.Release|Any CPU.ActiveCfg = Release|Any CPU
		{E0F527E5-5758-427F-BAD5-0AF594DE0F07}.Release|Any CPU.Build.0 = Release|Any CPU
		{DFA10819-A12A-4C67-B066-937604C78AB7}.Debug|Any CPU.ActiveCfg = Debug|Any CPU
		{DFA10819-A12A-4C67-B066-937604C78AB7}.Debug|Any CPU.Build.0 = Debug|Any CPU
		{DFA10819-A12A-4C67-B066-937604C78AB7}.Release|Any CPU.ActiveCfg = Release|Any CPU
		{DFA10819-A12A-4C67-B066-937604C78AB7}.Release|Any CPU.Build.0 = Release|Any CPU
		{7AADCFA9-6DD7-4FB7-8980-A239C9E97466}.Debug|Any CPU.ActiveCfg = Debug|Any CPU
		{7AADCFA9-6DD7-4FB7-8980-A239C9E97466}.Debug|Any CPU.Build.0 = Debug|Any CPU
		{7AADCFA9-6DD7-4FB7-8980-A239C9E97466}.Release|Any CPU.ActiveCfg = Release|Any CPU
		{7AADCFA9-6DD7-4FB7-8980-A239C9E97466}.Release|Any CPU.Build.0 = Release|Any CPU
		{653546DC-5DF8-4907-8A20-0BAF21EB1E69}.Debug|Any CPU.ActiveCfg = Debug|Any CPU
		{653546DC-5DF8-4907-8A20-0BAF21EB1E69}.Debug|Any CPU.Build.0 = Debug|Any CPU
		{653546DC-5DF8-4907-8A20-0BAF21EB1E69}.Release|Any CPU.ActiveCfg = Release|Any CPU
		{653546DC-5DF8-4907-8A20-0BAF21EB1E69}.Release|Any CPU.Build.0 = Release|Any CPU
	EndGlobalSection
	GlobalSection(SolutionProperties) = preSolution
		HideSolutionNode = FALSE
	EndGlobalSection
	GlobalSection(NestedProjects) = preSolution
		{ADB82091-989E-485C-85A2-5FF634218B66} = {9A118403-C7EB-4F88-821E-00D16C47D339}
		{A3C8BB22-FA86-46A6-8B44-892BE6E6CBB6} = {9A118403-C7EB-4F88-821E-00D16C47D339}
		{E0F527E5-5758-427F-BAD5-0AF594DE0F07} = {9A118403-C7EB-4F88-821E-00D16C47D339}
		{DFA10819-A12A-4C67-B066-937604C78AB7} = {9A118403-C7EB-4F88-821E-00D16C47D339}
		{7AADCFA9-6DD7-4FB7-8980-A239C9E97466} = {9A118403-C7EB-4F88-821E-00D16C47D339}
		{653546DC-5DF8-4907-8A20-0BAF21EB1E69} = {9A118403-C7EB-4F88-821E-00D16C47D339}
	EndGlobalSection
	GlobalSection(ExtensibilityGlobals) = postSolution
		SolutionGuid = {085E5466-9144-474F-A5C4-4E74D90D7896}
	EndGlobalSection
EndGlobal
