
Microsoft Visual Studio Solution File, Format Version 12.00
# Visual Studio Version 17
VisualStudioVersion = 17.0.31612.314
MinimumVisualStudioVersion = 10.0.40219.1
Project("{9A19103F-16F7-4668-BE54-9A1E7A4F7556}") = "WebCore.nuget", "WebCore.nuget\WebCore.nuget.csproj", "{348256A7-2856-48D2-9CB1-C57D2EB73146}"
EndProject
Project("{9A19103F-16F7-4668-BE54-9A1E7A4F7556}") = "WebCore.Model", "WebCore.Model\WebCore.Model.csproj", "{9D2BDB19-BC61-4F34-878E-A728E2A3F185}"
EndProject
Global
	GlobalSection(SolutionConfigurationPlatforms) = preSolution
		Debug|Any CPU = Debug|Any CPU
		Release|Any CPU = Release|Any CPU
	EndGlobalSection
	GlobalSection(ProjectConfigurationPlatforms) = postSolution
		{348256A7-2856-48D2-9CB1-C57D2EB73146}.Debug|Any CPU.ActiveCfg = Debug|Any CPU
		{348256A7-2856-48D2-9CB1-C57D2EB73146}.Debug|Any CPU.Build.0 = Debug|Any CPU
		{348256A7-2856-48D2-9CB1-C57D2EB73146}.Release|Any CPU.ActiveCfg = Release|Any CPU
		{348256A7-2856-48D2-9CB1-C57D2EB73146}.Release|Any CPU.Build.0 = Release|Any CPU
		{9D2BDB19-BC61-4F34-878E-A728E2A3F185}.Debug|Any CPU.ActiveCfg = Debug|Any CPU
		{9D2BDB19-BC61-4F34-878E-A728E2A3F185}.Debug|Any CPU.Build.0 = Debug|Any CPU
		{9D2BDB19-BC61-4F34-878E-A728E2A3F185}.Release|Any CPU.ActiveCfg = Release|Any CPU
		{9D2BDB19-BC61-4F34-878E-A728E2A3F185}.Release|Any CPU.Build.0 = Release|Any CPU
	EndGlobalSection
	GlobalSection(SolutionProperties) = preSolution
		HideSolutionNode = FALSE
	EndGlobalSection
	GlobalSection(ExtensibilityGlobals) = postSolution
		SolutionGuid = {5FC1E57D-AFFF-4B21-B7B0-D81E90D80058}
	EndGlobalSection
EndGlobal
